# This file is automatically @generated by Cargo.
# It is not intended for manual editing.
version = 4

[[package]]
name = "orko-core"
version = "0.0.0"

[[package]]
name = "orko-graph"
version = "0.0.0"

[[package]]
name = "orko-macros"
version = "0.0.0"

[[package]]
name = "orko-mcp"
version = "0.0.0"

[[package]]
name = "orko-providers"
version = "0.0.0"

[[package]]
name = "orko-runtime"
version = "0.0.0"
